# Generated by conda-lock.
# platform: win-64
# input_hash: 55bca99d301017279f8aa818916d9cd0a2458d2ccbcfc902a1deb7001dd76709
@EXPLICIT
https://conda.anaconda.org/conda-forge/win-64/ca-certificates-2025.1.31-h56e8100_0.conda#5304a31607974dfc2110dfbb662ed092
https://conda.anaconda.org/conda-forge/noarch/font-ttf-dejavu-sans-mono-2.37-hab24e00_0.tar.bz2#0c96522c6bdaed4b1566d11387caaf45
https://conda.anaconda.org/conda-forge/noarch/font-ttf-inconsolata-3.000-h77eed37_0.tar.bz2#34893075a5c9e55cdafac56607368fc6
https://conda.anaconda.org/conda-forge/noarch/font-ttf-source-code-pro-2.038-h77eed37_0.tar.bz2#4d59c254e01d9cde7957100457e2d5fb
https://conda.anaconda.org/conda-forge/noarch/font-ttf-ubuntu-0.83-h77eed37_3.conda#49023d73832ef61042f6a237cb2687e7
https://conda.anaconda.org/conda-forge/win-64/intel-openmp-2024.2.1-h57928b3_1083.conda#2d89243bfb53652c182a7c73182cce4f
https://conda.anaconda.org/conda-forge/win-64/python_abi-3.13-6_cp313.conda#e1746f65158fa51d5367ec02547db248
https://conda.anaconda.org/conda-forge/noarch/tzdata-2025b-h78e105d_0.conda#4222072737ccff51314b5ece9c7d6f5a
https://conda.anaconda.org/conda-forge/win-64/ucrt-10.0.22621.0-h57928b3_1.conda#6797b005cd0f439c4c5c9ac565783700
https://conda.anaconda.org/conda-forge/noarch/fonts-conda-forge-1-0.tar.bz2#f766549260d6815b0c52253f1fb1bb29
https://conda.anaconda.org/conda-forge/win-64/libwinpthread-12.0.0.r4.gg4f2fc60ca-h57928b3_9.conda#08bfa5da6e242025304b206d152479ef
https://conda.anaconda.org/conda-forge/win-64/vc14_runtime-14.42.34438-hfd919c2_26.conda#91651a36d31aa20c7ba36299fb7068f4
https://conda.anaconda.org/conda-forge/noarch/fonts-conda-ecosystem-1-0.tar.bz2#fee5683a3f04bd15cbd8318b096a27ab
https://conda.anaconda.org/conda-forge/win-64/libgomp-14.2.0-h1383e82_2.conda#dd6b1ab49e28bcb6154cd131acec985b
https://conda.anaconda.org/conda-forge/win-64/vc-14.3-h2b53caa_26.conda#d3f0381e38093bde620a8d85f266ae55
https://conda.anaconda.org/conda-forge/win-64/vs2015_runtime-14.42.34438-h7142326_26.conda#3357e4383dbce31eed332008ede242ab
https://conda.anaconda.org/conda-forge/win-64/_openmp_mutex-4.5-2_gnu.conda#37e16618af5c4851a3f3d66dd0e11141
https://conda.anaconda.org/conda-forge/win-64/aws-c-common-0.12.1-h2466b09_0.conda#2a3a135a076f269f0455d854ebddaa64
https://conda.anaconda.org/conda-forge/win-64/bzip2-1.0.8-h2466b09_7.conda#276e7ffe9ffe39688abc665ef0f45596
https://conda.anaconda.org/conda-forge/win-64/c-ares-1.34.4-h2466b09_0.conda#d387e6f147273d548f068f49a4291aef
https://conda.anaconda.org/conda-forge/win-64/double-conversion-3.3.1-he0c23c2_0.conda#e9a1402439c18a4e3c7a52e4246e9e1c
https://conda.anaconda.org/conda-forge/win-64/firefox-134.0-he0c23c2_0.conda#d0d3257d52e2369595acb2dbefb1975b
https://conda.anaconda.org/conda-forge/win-64/geckodriver-0.36.0-h127b8e1_0.conda#097f0ec824bd86919e4eba1261a8b8c5
https://conda.anaconda.org/conda-forge/win-64/graphite2-1.3.13-h63175ca_1003.conda#3194499ee7d1a67404a87d0eefdd92c6
https://conda.anaconda.org/conda-forge/win-64/icu-75.1-he0c23c2_0.conda#8579b6bb8d18be7c0b27fb08adeeeb40
https://conda.anaconda.org/conda-forge/win-64/lerc-4.0.0-h63175ca_0.tar.bz2#1900cb3cab5055833cfddb0ba233b074
https://conda.anaconda.org/conda-forge/win-64/libabseil-20250127.1-cxx17_h4eb7d71_0.conda#9619870922c18fa283a3ee703a14cfcc
https://conda.anaconda.org/conda-forge/win-64/libaec-1.1.3-h63175ca_0.conda#8723000f6ffdbdaef16025f0a01b64c5
https://conda.anaconda.org/conda-forge/win-64/libbrotlicommon-1.1.0-h2466b09_2.conda#f7dc9a8f21d74eab46456df301da2972
https://conda.anaconda.org/conda-forge/win-64/libcrc32c-1.1.2-h0e60522_0.tar.bz2#cd4cc2d0c610c8cb5419ccc979f2d6ce
https://conda.anaconda.org/conda-forge/win-64/libdeflate-1.23-h9062f6e_0.conda#a9624935147a25b06013099d3038e467
https://conda.anaconda.org/conda-forge/win-64/libexpat-2.7.0-he0c23c2_0.conda#b6f5352fdb525662f4169a0431d2dd7a
https://conda.anaconda.org/conda-forge/win-64/libffi-3.4.6-h537db12_1.conda#85d8fa5e55ed8f93f874b3b23ed54ec6
https://conda.anaconda.org/conda-forge/win-64/libiconv-1.18-h135ad9c_1.conda#21fc5dba2cbcd8e5e26ff976a312122c
https://conda.anaconda.org/conda-forge/win-64/libjpeg-turbo-3.0.0-hcfcfb64_1.conda#3f1b948619c45b1ca714d60c7389092c
https://conda.anaconda.org/conda-forge/win-64/liblzma-5.8.1-h2466b09_0.conda#8d5cb0016b645d6688e2ff57c5d51302
https://conda.anaconda.org/conda-forge/win-64/libmpdec-4.0.0-h2466b09_0.conda#74860100b2029e2523cf480804c76b9b
https://conda.anaconda.org/conda-forge/win-64/libsodium-1.0.20-hc70643c_0.conda#198bb594f202b205c7d18b936fa4524f
https://conda.anaconda.org/conda-forge/win-64/libsqlite-3.49.1-h67fdade_2.conda#b58b66d4ad1aaf1c2543cbbd6afb1a59
https://conda.anaconda.org/conda-forge/win-64/libutf8proc-2.10.0-hf9b99b7_0.conda#a4685a23eaf9ffb3eb6506102f5360b8
https://conda.anaconda.org/conda-forge/win-64/libwebp-base-1.5.0-h3b0e114_0.conda#33f7313967072c6e6d8f865f5493c7ae
https://conda.anaconda.org/conda-forge/win-64/libzlib-1.3.1-h2466b09_2.conda#41fbfac52c601159df6c01f875de31b9
https://conda.anaconda.org/conda-forge/win-64/lz4-c-1.10.0-h2466b09_1.conda#0b69331897a92fac3d8923549d48d092
https://conda.anaconda.org/conda-forge/win-64/openssl-3.4.1-ha4e3fda_0.conda#0730f8094f7088592594f9bf3ae62b3f
https://conda.anaconda.org/conda-forge/win-64/pixman-0.44.2-had0cd8c_0.conda#c720ac9a3bd825bf8b4dc7523ea49be4
https://conda.anaconda.org/conda-forge/win-64/qhull-2020.2-hc790b64_5.conda#854fbdff64b572b5c0b470f334d34c11
https://conda.anaconda.org/conda-forge/win-64/selenium-manager-4.30.0-ha073cba_0.conda#e7675bb24b2666c006f3266433dafab7
https://conda.anaconda.org/conda-forge/win-64/snappy-1.2.1-h500f7fa_1.conda#e32fb978aaea855ddce624eb8c8eb69a
https://conda.anaconda.org/conda-forge/win-64/tk-8.6.13-h5226925_1.conda#fc048363eb8f03cd1737600a5d08aafe
https://conda.anaconda.org/conda-forge/win-64/yaml-0.2.5-h8ffe710_2.tar.bz2#adbfb9f45d1004a26763652246a33764
https://conda.anaconda.org/conda-forge/win-64/zlib-ng-2.2.4-hbb528cf_0.conda#b3f79c3f0a636672943b2fbcb9c52252
https://conda.anaconda.org/conda-forge/win-64/aws-c-cal-0.8.7-h131b658_1.conda#5c83259e78bf5b077346571f3cd6485e
https://conda.anaconda.org/conda-forge/win-64/aws-c-compression-0.3.1-h131b658_3.conda#4d8b8311f888001cd8af92024314bfac
https://conda.anaconda.org/conda-forge/win-64/aws-c-sdkutils-0.2.3-h131b658_3.conda#3081355ace80af8ddc5b662c4e1fc7ce
https://conda.anaconda.org/conda-forge/win-64/aws-checksums-0.2.3-h131b658_3.conda#fb447eb0ca5eb5f165d667539fb2c696
https://conda.anaconda.org/conda-forge/win-64/krb5-1.21.3-hdf4eb48_0.conda#31aec030344e962fbd7dbbbbd68e60a9
https://conda.anaconda.org/conda-forge/win-64/libbrotlidec-1.1.0-h2466b09_2.conda#9bae75ce723fa34e98e239d21d752a7e
https://conda.anaconda.org/conda-forge/win-64/libbrotlienc-1.1.0-h2466b09_2.conda#85741a24d97954a991e55e34bc55990b
https://conda.anaconda.org/conda-forge/win-64/libevent-2.1.12-h3671451_1.conda#25efbd786caceef438be46da78a7b5ef
https://conda.anaconda.org/conda-forge/win-64/libgcc-14.2.0-h1383e82_2.conda#4a74c1461a0ba47a3346c04bdccbe2ad
https://conda.anaconda.org/conda-forge/win-64/libintl-0.22.5-h5728263_3.conda#2cf0cf76cc15d360dfa2f17fd6cf9772
https://conda.anaconda.org/conda-forge/win-64/libpng-1.6.47-had7236b_0.conda#7d717163d9dab337c65f2bf21a676b8f
https://conda.anaconda.org/conda-forge/win-64/libprotobuf-5.29.3-he9d8c4a_0.conda#719c9c29a00e4199ad2eba91ce92fd8e
https://conda.anaconda.org/conda-forge/win-64/libre2-11-2024.07.02-hd248061_3.conda#ba8d5530e951114fc3227780393d9ce2
https://conda.anaconda.org/conda-forge/win-64/libssh2-1.11.1-he619c9f_0.conda#af0cbf037dd614c34399b3b3e568c557
https://conda.anaconda.org/conda-forge/win-64/libxml2-2.14.0-h5183022_0.conda#79b354297f88e8d4dde0b45b1d043847
https://conda.anaconda.org/conda-forge/win-64/pcre2-10.44-h3d7b363_2.conda#a3a3baddcfb8c80db84bec3cb7746fb8
https://conda.anaconda.org/conda-forge/win-64/python-3.13.2-h261c0b1_101_cp313.conda#5116c74f5e3e77b915b7b72eea0ec946
https://conda.anaconda.org/conda-forge/win-64/zstd-1.5.7-hbeecb71_2.conda#21f56217d6125fb30c3c3f10c786d751
https://conda.anaconda.org/conda-forge/noarch/asttokens-3.0.0-pyhd8ed1ab_1.conda#8f587de4bcf981e26228f268df374a9b
https://conda.anaconda.org/conda-forge/noarch/attrs-25.3.0-pyh71513ae_0.conda#a10d11958cadc13fdb43df75f8b1903f
https://conda.anaconda.org/conda-forge/win-64/aws-c-io-0.17.0-h7371350_8.conda#0eff8e639fffe74a17fa9a769c5443ee
https://conda.anaconda.org/conda-forge/win-64/blosc-1.21.6-hfd34d9b_1.conda#357d7be4146d5fec543bfaa96a8a40de
https://conda.anaconda.org/conda-forge/win-64/brotli-bin-1.1.0-h2466b09_2.conda#d22534a9be5771fc58eb7564947f669d
https://conda.anaconda.org/conda-forge/win-64/brotli-python-1.1.0-py313h5813708_2.conda#c1a5d95bf18940d2b1d12f7bf2fb589b
https://conda.anaconda.org/conda-forge/win-64/c-blosc2-2.17.1-h9e57077_0.conda#f09ed9d58ce97d4466db3c9145719c63
https://conda.anaconda.org/conda-forge/noarch/certifi-2025.1.31-pyhd8ed1ab_0.conda#c207fa5ac7ea99b149344385a9c0880d
https://conda.anaconda.org/conda-forge/noarch/cloudpickle-3.1.1-pyhd8ed1ab_0.conda#364ba6c9fb03886ac979b482f39ebb92
https://conda.anaconda.org/conda-forge/noarch/colorama-0.4.6-pyhd8ed1ab_1.conda#962b9857ee8e7018c22f2776ffa0b2d7
https://conda.anaconda.org/conda-forge/noarch/cpython-3.13.2-py313hd8ed1ab_101.conda#d6be72c63da6e99ac2a1b87b120d135a
https://conda.anaconda.org/conda-forge/noarch/cycler-0.12.1-pyhd8ed1ab_1.conda#44600c4667a319d67dbe0681fc0bc833
https://conda.anaconda.org/conda-forge/win-64/debugpy-1.8.13-py313h5813708_0.conda#b637b3f184d9e40f6a59afcd22ca2d93
https://conda.anaconda.org/conda-forge/noarch/decorator-5.2.1-pyhd8ed1ab_0.conda#9ce473d1d1be1cc3810856a48b3fab32
https://conda.anaconda.org/conda-forge/noarch/et_xmlfile-2.0.0-pyhd8ed1ab_1.conda#71bf9646cbfabf3022c8da4b6b4da737
https://conda.anaconda.org/conda-forge/noarch/exceptiongroup-1.2.2-pyhd8ed1ab_1.conda#a16662747cdeb9abbac74d0057cc976e
https://conda.anaconda.org/conda-forge/noarch/executing-2.1.0-pyhd8ed1ab_1.conda#ef8b5fca76806159fc25b4f48d8737eb
https://conda.anaconda.org/conda-forge/win-64/freetype-2.13.3-h0b5ce68_0.conda#9c461ed7b07fb360d2c8cfe726c7d521
https://conda.anaconda.org/conda-forge/noarch/hpack-4.1.0-pyhd8ed1ab_0.conda#0a802cb9888dd14eeefc611f05c40b6e
https://conda.anaconda.org/conda-forge/noarch/hyperframe-6.1.0-pyhd8ed1ab_0.conda#8e6923fc12f1fe8f8c4e5c9f343256ac
https://conda.anaconda.org/conda-forge/noarch/idna-3.10-pyhd8ed1ab_1.conda#39a4f67be3286c86d696df570b1201b7
https://conda.anaconda.org/conda-forge/noarch/jupyterlab_widgets-3.0.13-pyhd8ed1ab_1.conda#b26e487434032d7f486277beb0cead3a
https://conda.anaconda.org/conda-forge/win-64/kiwisolver-1.4.7-py313h1ec8472_0.conda#9239895dcd4116c6042ffe0a4e81706a
https://conda.anaconda.org/conda-forge/win-64/libclang13-20.1.2-default_ha5278ca_0.conda#4270e55ba56854c5098a51592e45809a
https://conda.anaconda.org/conda-forge/win-64/libcurl-8.13.0-h88aaa65_0.conda#c9cf6eb842decbb66c2f34e72c3580d6
https://conda.anaconda.org/conda-forge/win-64/libglib-2.84.1-h7025463_0.conda#6cbaea9075a4f007eb7d0a90bb9a2a09
https://conda.anaconda.org/conda-forge/win-64/libhwloc-2.11.2-default_ha69328c_1001.conda#b87a0ac5ab6495d8225db5dc72dd21cd
https://conda.anaconda.org/conda-forge/win-64/libthrift-0.21.0-hbe90ef8_0.conda#7699570e1f97de7001a7107aabf2d677
https://conda.anaconda.org/conda-forge/win-64/libtiff-4.7.0-h797046b_3.conda#defed79ff7a9164ad40320e3f116a138
https://conda.anaconda.org/conda-forge/win-64/libxslt-1.1.39-h3df6e99_0.conda#279ee338c9b34871d578cb3c7aa68f70
https://conda.anaconda.org/conda-forge/win-64/markupsafe-3.0.2-py313hb4c8b1a_1.conda#ec9ecf6ee4cceb73a0c9a8cdfdf58bed
https://conda.anaconda.org/conda-forge/noarch/munkres-1.1.4-pyh9f0ad1d_0.tar.bz2#2ba8498c1018c1e9c61eb99b973dfe19
https://conda.anaconda.org/conda-forge/noarch/narwhals-1.33.0-pyhd8ed1ab_0.conda#54a495cf873b193aa17fb9517d0487c1
https://conda.anaconda.org/conda-forge/noarch/nest-asyncio-1.6.0-pyhd8ed1ab_1.conda#598fd7d4d0de2455fb74f56063969a97
https://conda.anaconda.org/conda-forge/win-64/orc-2.1.1-h35764e3_1.conda#ec8ccb5cec0e1a4f45ca93f2e040a36f
https://conda.anaconda.org/conda-forge/noarch/packaging-24.2-pyhd8ed1ab_2.conda#3bfed7e6228ebf2f7b9eaa47f1b4e2aa
https://conda.anaconda.org/conda-forge/noarch/parso-0.8.4-pyhd8ed1ab_1.conda#5c092057b6badd30f75b06244ecd01c9
https://conda.anaconda.org/conda-forge/noarch/pickleshare-0.7.5-pyhd8ed1ab_1004.conda#11a9d1d09a3615fc07c3faf79bc0b943
https://conda.anaconda.org/conda-forge/noarch/pip-25.0.1-pyh145f28c_0.conda#9ba21d75dc722c29827988a575a65707
https://conda.anaconda.org/conda-forge/noarch/platformdirs-4.3.7-pyh29332c3_0.conda#e57da6fe54bb3a5556cf36d199ff07d8
https://conda.anaconda.org/conda-forge/win-64/psutil-7.0.0-py313ha7868ed_0.conda#3cdf99cf98b01856af9f26c5d8036353
https://conda.anaconda.org/conda-forge/win-64/pthread-stubs-0.4-h0e40799_1002.conda#3c8f2573569bb816483e5cf57efbbe29
https://conda.anaconda.org/conda-forge/noarch/pure_eval-0.2.3-pyhd8ed1ab_1.conda#3bfdfb8dbcdc4af1ae3f9a8eb3948f04
https://conda.anaconda.org/conda-forge/noarch/py-cpuinfo-9.0.0-pyhd8ed1ab_1.conda#46830ee16925d5ed250850503b5dc3a8
https://conda.anaconda.org/conda-forge/noarch/pycparser-2.22-pyh29332c3_1.conda#12c566707c80111f9799308d9e265aef
https://conda.anaconda.org/conda-forge/noarch/pygments-2.19.1-pyhd8ed1ab_0.conda#232fb4577b6687b2d503ef8e254270c9
https://conda.anaconda.org/conda-forge/noarch/pyparsing-3.2.3-pyhd8ed1ab_1.conda#513d3c262ee49b54a8fec85c5bc99764
https://conda.anaconda.org/conda-forge/noarch/python-tzdata-2025.2-pyhd8ed1ab_0.conda#88476ae6ebd24f39261e0854ac244f33
https://conda.anaconda.org/conda-forge/noarch/pytz-2024.1-pyhd8ed1ab_0.conda#3eeeeb9e4827ace8c0c1419c85d590ad
https://conda.anaconda.org/conda-forge/win-64/pywin32-307-py313h5813708_3.conda#7113bd6cfe34e80d8211f7c019d14357
https://conda.anaconda.org/conda-forge/win-64/pyyaml-6.0.2-py313hb4c8b1a_2.conda#d14f685b5d204b023c641b188a8d0d7c
https://conda.anaconda.org/conda-forge/win-64/re2-2024.07.02-haf4117d_3.conda#f94cfa965a6498540057555957903dba
https://conda.anaconda.org/conda-forge/noarch/six-1.17.0-pyhd8ed1ab_0.conda#a451d576819089b0d672f18768be0f65
https://conda.anaconda.org/conda-forge/noarch/sniffio-1.3.1-pyhd8ed1ab_1.conda#bf7a226e58dfb8346c70df36065d86c9
https://conda.anaconda.org/conda-forge/noarch/sortedcontainers-2.4.0-pyhd8ed1ab_1.conda#0401a17ae845fa72c7210e206ec5647d
https://conda.anaconda.org/conda-forge/win-64/tornado-6.4.2-py313ha7868ed_0.conda#3d63fe6a4757924a085ab10196049854
https://conda.anaconda.org/conda-forge/noarch/traitlets-5.14.3-pyhd8ed1ab_1.conda#019a7385be9af33791c989871317e1ed
https://conda.anaconda.org/conda-forge/noarch/typing_extensions-4.13.0-pyh29332c3_1.conda#4c446320a86cc5d48e3b80e332d6ebd7
https://conda.anaconda.org/conda-forge/noarch/wcwidth-0.2.13-pyhd8ed1ab_1.conda#b68980f2495d096e71c7fd9d7ccf63e6
https://conda.anaconda.org/conda-forge/noarch/websocket-client-1.8.0-pyhd8ed1ab_1.conda#84f8f77f0a9c6ef401ee96611745da8f
https://conda.anaconda.org/conda-forge/noarch/widgetsnbextension-4.0.13-pyhd8ed1ab_1.conda#237db148cc37a466e4222d589029b53e
https://conda.anaconda.org/conda-forge/noarch/win_inet_pton-1.1.0-pyh7428d3b_8.conda#46e441ba871f524e2b067929da3051c2
https://conda.anaconda.org/conda-forge/win-64/xorg-libxau-1.0.12-h0e40799_0.conda#2ffbfae4548098297c033228256eb96e
https://conda.anaconda.org/conda-forge/win-64/xorg-libxdmcp-1.1.5-h0e40799_0.conda#8393c0f7e7870b4eb45553326f81f0ff
https://conda.anaconda.org/conda-forge/noarch/xyzservices-2025.1.0-pyhd8ed1ab_0.conda#fdf07e281a9e5e10fc75b2dd444136e9
https://conda.anaconda.org/conda-forge/win-64/zeromq-4.3.5-ha9f60a1_7.conda#e03f2c245a5ee6055752465519363b1c
https://conda.anaconda.org/conda-forge/noarch/zipp-3.21.0-pyhd8ed1ab_1.conda#0c3cc595284c5e8f0f9900a9b228a332
https://conda.anaconda.org/conda-forge/win-64/aws-c-event-stream-0.5.4-hddb29df_3.conda#b9e1b3cc3c6ff7e8529b4b9aa7f74ac9
https://conda.anaconda.org/conda-forge/win-64/aws-c-http-0.9.5-hdbca9f4_0.conda#b3734b2c8409f9a5e746efb2487a05de
https://conda.anaconda.org/conda-forge/win-64/brotli-1.1.0-h2466b09_2.conda#378f1c9421775dfe644731cb121c8979
https://conda.anaconda.org/conda-forge/win-64/cffi-1.17.1-py313ha7868ed_0.conda#519a29d7ac273f8c165efc0af099da42
https://conda.anaconda.org/conda-forge/noarch/comm-0.2.2-pyhd8ed1ab_1.conda#74673132601ec2b7fc592755605f4c1b
https://conda.anaconda.org/conda-forge/win-64/fontconfig-2.15.0-h765892d_1.conda#9bb0026a2131b09404c59c4290c697cd
https://conda.anaconda.org/conda-forge/noarch/h11-0.14.0-pyhd8ed1ab_1.conda#7ee49e89531c0dcbba9466f6d115d585
https://conda.anaconda.org/conda-forge/noarch/h2-4.2.0-pyhd8ed1ab_0.conda#b4754fb1bdcb70c8fd54f918301582c6
https://conda.anaconda.org/conda-forge/win-64/hdf5-1.14.3-nompi_hb2c4d47_109.conda#ebb61f3e8b35cc15e78876649b7246f7
https://conda.anaconda.org/conda-forge/noarch/importlib-metadata-8.6.1-pyha770c72_0.conda#f4b39bf00c69f56ac01e020ebfac066c
https://conda.anaconda.org/conda-forge/noarch/jedi-0.19.2-pyhd8ed1ab_1.conda#a4f4c5dc9b80bc50e0d3dc4e6e8f1bd9
https://conda.anaconda.org/conda-forge/noarch/jinja2-3.1.6-pyhd8ed1ab_0.conda#446bd6c8cb26050d528881df495ce646
https://conda.anaconda.org/conda-forge/noarch/jupyter_core-5.7.2-pyh5737063_1.conda#46d87d1c0ea5da0aae36f77fa406e20d
https://conda.anaconda.org/conda-forge/win-64/lcms2-2.17-hbcf6048_0.conda#3538827f77b82a837fa681a4579e37a1
https://conda.anaconda.org/conda-forge/win-64/libgrpc-1.71.0-h35301be_0.conda#7f07cb0bdcf2043e2be7d0ae3977a9a7
https://conda.anaconda.org/conda-forge/win-64/libxcb-1.17.0-h0e4246c_0.conda#a69bbf778a462da324489976c84cfc8c
https://conda.anaconda.org/conda-forge/noarch/matplotlib-inline-0.1.7-pyhd8ed1ab_1.conda#af6ab708897df59bd6e7283ceab1b56b
https://conda.anaconda.org/conda-forge/win-64/openjpeg-2.5.3-h4d64b90_0.conda#fc050366dd0b8313eb797ed1ffef3a29
https://conda.anaconda.org/conda-forge/win-64/openpyxl-3.1.5-py313he57e174_1.conda#53bb97fa4d46a1bab5fa19560d08b989
https://conda.anaconda.org/conda-forge/noarch/outcome-1.3.0.post0-pyhd8ed1ab_1.conda#36291eb9e4b0f61448ca1c47117f1cb5
https://conda.anaconda.org/conda-forge/noarch/prompt-toolkit-3.0.50-pyha770c72_0.conda#7d823138f550b14ecae927a5ff3286de
https://conda.anaconda.org/conda-forge/noarch/pysocks-1.7.1-pyh09c184e_7.conda#e2fd202833c4a981ce8a65974fe4abd1
https://conda.anaconda.org/conda-forge/noarch/python-dateutil-2.9.0.post0-pyhff2d567_1.conda#5ba79d7c71f03c678c8ead841f347d6e
https://conda.anaconda.org/conda-forge/win-64/pyzmq-26.3.0-py313h2100fd5_0.conda#6cfc56a59529694b4eb26ed194845523
https://conda.anaconda.org/conda-forge/noarch/stack_data-0.6.3-pyhd8ed1ab_1.conda#b1b505328da7a6b246787df4b5a49fbc
https://conda.anaconda.org/conda-forge/win-64/tbb-2021.13.0-h62715c5_1.conda#9190dd0a23d925f7602f9628b3aed511
https://conda.anaconda.org/conda-forge/noarch/typing-extensions-4.13.0-h9fa5a19_1.conda#3fbcc45b908040dca030d3f78ed9a212
https://conda.anaconda.org/conda-forge/win-64/aws-c-auth-0.8.7-h04a0843_1.conda#f0d78dc602578435762448dd3f23dc21
https://conda.anaconda.org/conda-forge/win-64/aws-c-mqtt-0.12.2-hc44c84b_3.conda#1337d1cd1c78e6447aaa6630d924d8a3
https://conda.anaconda.org/conda-forge/win-64/cairo-1.18.4-h5782bbf_0.conda#20e32ced54300292aff690a69c5e7b97
https://conda.anaconda.org/conda-forge/win-64/fonttools-4.57.0-py313hb4c8b1a_0.conda#a7cb72059cad745b6c193d7d8d922b82
https://conda.anaconda.org/conda-forge/noarch/ipython-8.34.0-pyh9ab4c32_0.conda#68953867a87fdc9820b225f58a652363
https://conda.anaconda.org/conda-forge/noarch/jupyter_client-8.6.3-pyhd8ed1ab_1.conda#4ebae00eae9705b0c3d6d1018a81d047
https://conda.anaconda.org/conda-forge/win-64/libgoogle-cloud-2.36.0-hf249c01_1.conda#2842dfad9b784ab71293915db73ff093
https://conda.anaconda.org/conda-forge/win-64/mkl-2024.2.2-h66d3029_15.conda#302dff2807f2927b3e9e0d19d60121de
https://conda.anaconda.org/conda-forge/win-64/pillow-11.1.0-py313hda88b71_0.conda#78d1778e48f09990c55d9ce90f7c3546
https://conda.anaconda.org/conda-forge/win-64/trio-0.29.0-py313hfa70ccb_0.conda#478cc35133230e328d80ee551e235118
https://conda.anaconda.org/conda-forge/noarch/wsproto-1.2.0-pyhd8ed1ab_1.conda#2c7536a04d9c21e1dd05bd4a3b1e3a39
https://conda.anaconda.org/conda-forge/win-64/zstandard-0.23.0-py313ha7868ed_1.conda#0fe8f97370e74acbc7814c4906a5824f
https://conda.anaconda.org/conda-forge/win-64/aws-c-s3-0.7.13-hf31aad2_3.conda#299350d30cc4a96a798a0d7ebcc00809
https://conda.anaconda.org/conda-forge/win-64/harfbuzz-11.0.0-h9e37d49_0.conda#b7648427f5b6797ae3904ad76e4c7f19
https://conda.anaconda.org/conda-forge/noarch/ipykernel-6.29.5-pyh4bbf305_0.conda#18df5fc4944a679e085e0e8f31775fc8
https://conda.anaconda.org/conda-forge/noarch/ipywidgets-8.1.5-pyhd8ed1ab_1.conda#bb19ad65196475ab6d0bb3532d7f8d96
https://conda.anaconda.org/conda-forge/win-64/libblas-3.9.0-31_h641d27c_mkl.conda#d05563c577fe2f37693a554b3f271e8f
https://conda.anaconda.org/conda-forge/win-64/libgoogle-cloud-storage-2.36.0-he5eb982_1.conda#8b5af0aa84ff9c2117c1cefc07622800
https://conda.anaconda.org/conda-forge/noarch/trio-websocket-0.12.2-pyh29332c3_0.conda#9bb27d491b0dc9ed94ecfee8490bc0e7
https://conda.anaconda.org/conda-forge/noarch/urllib3-2.3.0-pyhd8ed1ab_0.conda#32674f8dbfb7b26410ed580dd3c10a29
https://conda.anaconda.org/conda-forge/win-64/aws-crt-cpp-0.31.1-h7c9e96e_1.conda#0508502ab173a67335e2cfee0c2a29f4
https://conda.anaconda.org/conda-forge/win-64/libcblas-3.9.0-31_h5e41251_mkl.conda#43c100b94ad2607382b0cf0f3a6b0bf3
https://conda.anaconda.org/conda-forge/win-64/liblapack-3.9.0-31_h1aa476e_mkl.conda#40b47ee720a185289760960fc6185750
https://conda.anaconda.org/conda-forge/win-64/qt6-main-6.9.0-h83cda92_0.conda#d92e5a0de3263315551d54d5574f5193
https://conda.anaconda.org/conda-forge/noarch/selenium-4.30.0-pyh29332c3_0.conda#8c225b74d49defc8826d4d6642919cce
https://conda.anaconda.org/conda-forge/noarch/spyder-kernels-3.0.3-win_pyh7428d3b_0.conda#386c2d4946f9d588fbac2203a751a430
https://conda.anaconda.org/conda-forge/win-64/aws-sdk-cpp-1.11.510-hddf75dc_4.conda#12ac6c423fe2ef753ee8380d338b0fa5
https://conda.anaconda.org/conda-forge/win-64/numpy-2.2.4-py313hefb8edb_0.conda#c724b713601d87f7157ffb495152e337
https://conda.anaconda.org/conda-forge/win-64/pyside6-6.9.0-py313hb43cee3_0.conda#198016daffa07c9844fc9598cf08db9f
https://conda.anaconda.org/conda-forge/win-64/contourpy-1.3.1-py313h1ec8472_0.conda#9142ac6da94a900082874a2fc9652521
https://conda.anaconda.org/conda-forge/win-64/libarrow-19.0.1-hb2d35ca_6_cpu.conda#5472a673bd4916426a9fcc37c412a4bd
https://conda.anaconda.org/conda-forge/win-64/numexpr-2.10.2-mkl_py313hda4395b_0.conda#237e0cffdc1131303a9b0a1b53a2ca79
https://conda.anaconda.org/conda-forge/win-64/pandas-2.2.3-py313hf91d08e_1.conda#9c6dab4d9b20463121faf04283b4d1a1
https://conda.anaconda.org/conda-forge/win-64/scipy-1.15.2-py313h2eca4b9_0.conda#9ee392518b0a688b996dec39ced39e35
https://conda.anaconda.org/conda-forge/noarch/bokeh-3.7.2-pyhd8ed1ab_1.conda#2f31c581e29bdb830ec77e112f3776ae
https://conda.anaconda.org/conda-forge/win-64/libarrow-acero-19.0.1-h7d8d6a5_6_cpu.conda#8b25fd14f8989da00a275bca8363dd35
https://conda.anaconda.org/conda-forge/win-64/libparquet-19.0.1-ha850022_6_cpu.conda#705a3f88864161325eb6b40a06050da7
https://conda.anaconda.org/conda-forge/win-64/matplotlib-base-3.10.1-py313h81b4f16_0.conda#3258ce4dcc660f45dfbbe27709c4d8ba
https://conda.anaconda.org/conda-forge/win-64/pyarrow-core-19.0.1-py313he812468_0_cpu.conda#259bb1112460da8ce8f58e57f46d9a3b
https://conda.anaconda.org/conda-forge/win-64/pytables-3.10.2-py313hb92dcae_2.conda#4a18906d98afefb37e3bd0057aafeccc
https://conda.anaconda.org/conda-forge/noarch/ipympl-0.9.7-pyhd8ed1ab_1.conda#f5b7e17a56dd953c80c77cbdab378467
https://conda.anaconda.org/conda-forge/win-64/libarrow-dataset-19.0.1-h7d8d6a5_6_cpu.conda#81dbeefa41a151bd174b5706bdc7914b
https://conda.anaconda.org/conda-forge/win-64/matplotlib-3.10.1-py313hfa70ccb_0.conda#c509b6a9e6f0ce4377e3ca7bf1d7d075
https://conda.anaconda.org/conda-forge/win-64/libarrow-substrait-19.0.1-hb76e781_6_cpu.conda#1cd0649f2cd0090d4d774cfeda471cae
https://conda.anaconda.org/conda-forge/win-64/pyarrow-19.0.1-py313hfa70ccb_0.conda#f03d395bf468f582b936ebe2359158a8
# pip future @ https://files.pythonhosted.org/packages/da/71/ae30dadffc90b9006d77af76b393cb9dfbfc9629f339fc1574a1c52e6806/future-1.0.0-py3-none-any.whl#sha256=929292d34f5872e70396626ef385ec22355a1fae8ad29e1a734c3e43f9fbc216
# pip ompython @ git+https://github.com/OpenModelica/OMPython.git@6064ba9c21fd571f1e392f1d5177196626e52ec0
# pip pandas-bokeh @ https://files.pythonhosted.org/packages/c6/08/a1fb196d9a58893bbf67b13a7db3973f39744f9bea0dca25a31656660569/pandas_bokeh-0.5.5-py2.py3-none-any.whl#sha256=7de79e45c2cc50bcc3560cf4ab5099fd3ae79962bc7af02f9880638a3bdec84e
